
Microsoft Visual Studio Solution File, Format Version 12.00
# Visual Studio Version 16
VisualStudioVersion = 16.0.810.0
MinimumVisualStudioVersion = 10.0.40219.1
Project("{9A19103F-16F7-4668-BE54-9A1E7A4F7556}") = "BenefitsCalculator", "BenefitsCalculator\BenefitsCalculator.csproj", "{4CC32BFE-636D-4F82-BC4B-1502F4286A2C}"
EndProject
Project("{00D1A9C2-B5F0-4AF3-8072-F6C62B433612}") = "BenefitsCalculator.SQLDatabase", "BenefitsCalculator.SQLDatabase\BenefitsCalculator.SQLDatabase.sqlproj", "{90C77AA8-69A6-4509-9DA0-F8409F7CAF28}"
EndProject
Project("{FAE04EC0-301F-11D3-BF4B-00C04F79EFBC}") = "BenefitsCalculator.Data", "BenefitsCalculator.Data\BenefitsCalculator.Data.csproj", "{4AAB073D-4630-4717-9E26-DFE968238AF4}"
EndProject
Global
	GlobalSection(SolutionConfigurationPlatforms) = preSolution
		Debug|Any CPU = Debug|Any CPU
		Release|Any CPU = Release|Any CPU
	EndGlobalSection
	GlobalSection(ProjectConfigurationPlatforms) = postSolution
		{4CC32BFE-636D-4F82-BC4B-1502F4286A2C}.Debug|Any CPU.ActiveCfg = Debug|Any CPU
		{4CC32BFE-636D-4F82-BC4B-1502F4286A2C}.Debug|Any CPU.Build.0 = Debug|Any CPU
		{4CC32BFE-636D-4F82-BC4B-1502F4286A2C}.Release|Any CPU.ActiveCfg = Release|Any CPU
		{4CC32BFE-636D-4F82-BC4B-1502F4286A2C}.Release|Any CPU.Build.0 = Release|Any CPU
		{90C77AA8-69A6-4509-9DA0-F8409F7CAF28}.Debug|Any CPU.ActiveCfg = Debug|Any CPU
		{90C77AA8-69A6-4509-9DA0-F8409F7CAF28}.Debug|Any CPU.Build.0 = Debug|Any CPU
		{90C77AA8-69A6-4509-9DA0-F8409F7CAF28}.Debug|Any CPU.Deploy.0 = Debug|Any CPU
		{90C77AA8-69A6-4509-9DA0-F8409F7CAF28}.Release|Any CPU.ActiveCfg = Release|Any CPU
		{90C77AA8-69A6-4509-9DA0-F8409F7CAF28}.Release|Any CPU.Build.0 = Release|Any CPU
		{90C77AA8-69A6-4509-9DA0-F8409F7CAF28}.Release|Any CPU.Deploy.0 = Release|Any CPU
		{4AAB073D-4630-4717-9E26-DFE968238AF4}.Debug|Any CPU.ActiveCfg = Debug|Any CPU
		{4AAB073D-4630-4717-9E26-DFE968238AF4}.Debug|Any CPU.Build.0 = Debug|Any CPU
		{4AAB073D-4630-4717-9E26-DFE968238AF4}.Release|Any CPU.ActiveCfg = Release|Any CPU
		{4AAB073D-4630-4717-9E26-DFE968238AF4}.Release|Any CPU.Build.0 = Release|Any CPU
	EndGlobalSection
	GlobalSection(SolutionProperties) = preSolution
		HideSolutionNode = FALSE
	EndGlobalSection
	GlobalSection(ExtensibilityGlobals) = postSolution
		SolutionGuid = {F46938F9-CA97-46AF-B10F-F272BB817C7B}
	EndGlobalSection
EndGlobal
